
Microsoft Visual Studio Solution File, Format Version 12.00
# Visual Studio Version 17
VisualStudioVersion = 17.14.36221.1 d17.14
MinimumVisualStudioVersion = 10.0.40219.1
Project("{FAE04EC0-301F-11D3-BF4B-00C04F79EFBC}") = "CarShop", "CarShop.csproj", "{F664521B-7FF8-9E19-3A23-F4A3E201C28C}"
EndProject
Global
	GlobalSection(SolutionConfigurationPlatforms) = preSolution
		Debug|Any CPU = Debug|Any CPU
		Release|Any CPU = Release|Any CPU
	EndGlobalSection
	GlobalSection(ProjectConfigurationPlatforms) = postSolution
		{F664521B-7FF8-9E19-3A23-F4A3E201C28C}.Debug|Any CPU.ActiveCfg = Debug|Any CPU
		{F664521B-7FF8-9E19-3A23-F4A3E201C28C}.Debug|Any CPU.Build.0 = Debug|Any CPU
		{F664521B-7FF8-9E19-3A23-F4A3E201C28C}.Release|Any CPU.ActiveCfg = Release|Any CPU
		{F664521B-7FF8-9E19-3A23-F4A3E201C28C}.Release|Any CPU.Build.0 = Release|Any CPU
	EndGlobalSection
	GlobalSection(SolutionProperties) = preSolution
		HideSolutionNode = FALSE
	EndGlobalSection
	GlobalSection(ExtensibilityGlobals) = postSolution
		SolutionGuid = {79DF8DFC-9C7E-41E7-AC71-B94A882D7AA5}
	EndGlobalSection
EndGlobal
